
Microsoft Visual Studio Solution File, Format Version 12.00
# Visual Studio 2013
VisualStudioVersion = 12.0.40629.0
MinimumVisualStudioVersion = 10.0.40219.1
Project("{FAE04EC0-301F-11D3-BF4B-00C04F79EFBC}") = "Console Application", "Console Application\Console Application.csproj", "{17BE602E-6AE6-4522-AFA7-383A7CDAA057}"
EndProject
Project("{FAE04EC0-301F-11D3-BF4B-00C04F79EFBC}") = "Tests", "Tests\Tests.csproj", "{7A515D68-07DB-498B-BAC8-E82D513916EA}"
EndProject
Global
	GlobalSection(SolutionConfigurationPlatforms) = preSolution
		Debug|Any CPU = Debug|Any CPU
		Release|Any CPU = Release|Any CPU
	EndGlobalSection
	GlobalSection(ProjectConfigurationPlatforms) = postSolution
		{17BE602E-6AE6-4522-AFA7-383A7CDAA057}.Debug|Any CPU.ActiveCfg = Debug|Any CPU
		{17BE602E-6AE6-4522-AFA7-383A7CDAA057}.Debug|Any CPU.Build.0 = Debug|Any CPU
		{17BE602E-6AE6-4522-AFA7-383A7CDAA057}.Release|Any CPU.ActiveCfg = Release|Any CPU
		{17BE602E-6AE6-4522-AFA7-383A7CDAA057}.Release|Any CPU.Build.0 = Release|Any CPU
		{7A515D68-07DB-498B-BAC8-E82D513916EA}.Debug|Any CPU.ActiveCfg = Debug|Any CPU
		{7A515D68-07DB-498B-BAC8-E82D513916EA}.Debug|Any CPU.Build.0 = Debug|Any CPU
		{7A515D68-07DB-498B-BAC8-E82D513916EA}.Release|Any CPU.ActiveCfg = Release|Any CPU
		{7A515D68-07DB-498B-BAC8-E82D513916EA}.Release|Any CPU.Build.0 = Release|Any CPU
	EndGlobalSection
	GlobalSection(SolutionProperties) = preSolution
		HideSolutionNode = FALSE
	EndGlobalSection
EndGlobal
