
Microsoft Visual Studio Solution File, Format Version 12.00
# Visual Studio 14
VisualStudioVersion = 14.0.25420.1
MinimumVisualStudioVersion = 10.0.40219.1
Project("{FAE04EC0-301F-11D3-BF4B-00C04F79EFBC}") = "Console Application", "Console Application\Console Application.csproj", "{AF6AC21F-AE79-425E-BE73-E5155EE4A9A6}"
EndProject
Project("{FAE04EC0-301F-11D3-BF4B-00C04F79EFBC}") = "Tests", "Tests\Tests.csproj", "{78CA42DE-5DF7-4C65-B0DF-DC216249F6C3}"
EndProject
Project("{FAE04EC0-301F-11D3-BF4B-00C04F79EFBC}") = "Couchbase", "Couchbase\Couchbase.csproj", "{E294E3D7-B7E4-4F85-9312-3530F102128F}"
EndProject
Project("{FAE04EC0-301F-11D3-BF4B-00C04F79EFBC}") = "Common", "Common\Common.csproj", "{6DC10D9E-EE85-4171-A77E-FB83689CB35C}"
EndProject
Project("{FAE04EC0-301F-11D3-BF4B-00C04F79EFBC}") = "Spikes.NHibernate", "NHibernate\Spikes.NHibernate.csproj", "{EA8AA8FB-7210-48BD-8CEB-9326BE9B276B}"
EndProject
Project("{00D1A9C2-B5F0-4AF3-8072-F6C62B433612}") = "Spikes database", "Spikes database\Spikes database.sqlproj", "{7406FC44-ED12-4A28-8F9C-9C8C7B0026A8}"
EndProject
Project("{FAE04EC0-301F-11D3-BF4B-00C04F79EFBC}") = "GenericSpike", "GenericSpike\GenericSpike.csproj", "{783D3101-7D3C-4826-B7B2-64421578CC56}"
EndProject
Project("{FAE04EC0-301F-11D3-BF4B-00C04F79EFBC}") = "Algorithms", "Sorting Algorithms\Algorithms.csproj", "{1E358958-98DA-4768-99BD-5D4E8DBEF711}"
EndProject
Global
	GlobalSection(SolutionConfigurationPlatforms) = preSolution
		Debug|Any CPU = Debug|Any CPU
		Release|Any CPU = Release|Any CPU
	EndGlobalSection
	GlobalSection(ProjectConfigurationPlatforms) = postSolution
		{AF6AC21F-AE79-425E-BE73-E5155EE4A9A6}.Debug|Any CPU.ActiveCfg = Debug|Any CPU
		{AF6AC21F-AE79-425E-BE73-E5155EE4A9A6}.Debug|Any CPU.Build.0 = Debug|Any CPU
		{AF6AC21F-AE79-425E-BE73-E5155EE4A9A6}.Release|Any CPU.ActiveCfg = Release|Any CPU
		{AF6AC21F-AE79-425E-BE73-E5155EE4A9A6}.Release|Any CPU.Build.0 = Release|Any CPU
		{78CA42DE-5DF7-4C65-B0DF-DC216249F6C3}.Debug|Any CPU.ActiveCfg = Debug|Any CPU
		{78CA42DE-5DF7-4C65-B0DF-DC216249F6C3}.Debug|Any CPU.Build.0 = Debug|Any CPU
		{78CA42DE-5DF7-4C65-B0DF-DC216249F6C3}.Release|Any CPU.ActiveCfg = Release|Any CPU
		{78CA42DE-5DF7-4C65-B0DF-DC216249F6C3}.Release|Any CPU.Build.0 = Release|Any CPU
		{E294E3D7-B7E4-4F85-9312-3530F102128F}.Debug|Any CPU.ActiveCfg = Debug|Any CPU
		{E294E3D7-B7E4-4F85-9312-3530F102128F}.Debug|Any CPU.Build.0 = Debug|Any CPU
		{E294E3D7-B7E4-4F85-9312-3530F102128F}.Release|Any CPU.ActiveCfg = Release|Any CPU
		{E294E3D7-B7E4-4F85-9312-3530F102128F}.Release|Any CPU.Build.0 = Release|Any CPU
		{6DC10D9E-EE85-4171-A77E-FB83689CB35C}.Debug|Any CPU.ActiveCfg = Debug|Any CPU
		{6DC10D9E-EE85-4171-A77E-FB83689CB35C}.Debug|Any CPU.Build.0 = Debug|Any CPU
		{6DC10D9E-EE85-4171-A77E-FB83689CB35C}.Release|Any CPU.ActiveCfg = Release|Any CPU
		{6DC10D9E-EE85-4171-A77E-FB83689CB35C}.Release|Any CPU.Build.0 = Release|Any CPU
		{EA8AA8FB-7210-48BD-8CEB-9326BE9B276B}.Debug|Any CPU.ActiveCfg = Debug|Any CPU
		{EA8AA8FB-7210-48BD-8CEB-9326BE9B276B}.Debug|Any CPU.Build.0 = Debug|Any CPU
		{EA8AA8FB-7210-48BD-8CEB-9326BE9B276B}.Release|Any CPU.ActiveCfg = Release|Any CPU
		{EA8AA8FB-7210-48BD-8CEB-9326BE9B276B}.Release|Any CPU.Build.0 = Release|Any CPU
		{7406FC44-ED12-4A28-8F9C-9C8C7B0026A8}.Debug|Any CPU.ActiveCfg = Debug|Any CPU
		{7406FC44-ED12-4A28-8F9C-9C8C7B0026A8}.Debug|Any CPU.Build.0 = Debug|Any CPU
		{7406FC44-ED12-4A28-8F9C-9C8C7B0026A8}.Debug|Any CPU.Deploy.0 = Debug|Any CPU
		{7406FC44-ED12-4A28-8F9C-9C8C7B0026A8}.Release|Any CPU.ActiveCfg = Release|Any CPU
		{7406FC44-ED12-4A28-8F9C-9C8C7B0026A8}.Release|Any CPU.Build.0 = Release|Any CPU
		{7406FC44-ED12-4A28-8F9C-9C8C7B0026A8}.Release|Any CPU.Deploy.0 = Release|Any CPU
		{783D3101-7D3C-4826-B7B2-64421578CC56}.Debug|Any CPU.ActiveCfg = Debug|Any CPU
		{783D3101-7D3C-4826-B7B2-64421578CC56}.Debug|Any CPU.Build.0 = Debug|Any CPU
		{783D3101-7D3C-4826-B7B2-64421578CC56}.Release|Any CPU.ActiveCfg = Release|Any CPU
		{783D3101-7D3C-4826-B7B2-64421578CC56}.Release|Any CPU.Build.0 = Release|Any CPU
		{1E358958-98DA-4768-99BD-5D4E8DBEF711}.Debug|Any CPU.ActiveCfg = Debug|Any CPU
		{1E358958-98DA-4768-99BD-5D4E8DBEF711}.Debug|Any CPU.Build.0 = Debug|Any CPU
		{1E358958-98DA-4768-99BD-5D4E8DBEF711}.Release|Any CPU.ActiveCfg = Release|Any CPU
		{1E358958-98DA-4768-99BD-5D4E8DBEF711}.Release|Any CPU.Build.0 = Release|Any CPU
	EndGlobalSection
	GlobalSection(SolutionProperties) = preSolution
		HideSolutionNode = FALSE
	EndGlobalSection
EndGlobal
